
Microsoft Visual Studio Solution File, Format Version 12.00
# Visual Studio Version 17
VisualStudioVersion = 17.1.32414.318
MinimumVisualStudioVersion = 10.0.40219.1
Project("{FAE04EC0-301F-11D3-BF4B-00C04F79EFBC}") = "Concepts POO", "Concepts POO\Concepts POO.csproj", "{B07EB507-EC14-477F-B69D-18CFF87783ED}"
EndProject
Global
	GlobalSection(SolutionConfigurationPlatforms) = preSolution
		Debug|Any CPU = Debug|Any CPU
		Release|Any CPU = Release|Any CPU
	EndGlobalSection
	GlobalSection(ProjectConfigurationPlatforms) = postSolution
		{B07EB507-EC14-477F-B69D-18CFF87783ED}.Debug|Any CPU.ActiveCfg = Debug|Any CPU
		{B07EB507-EC14-477F-B69D-18CFF87783ED}.Debug|Any CPU.Build.0 = Debug|Any CPU
		{B07EB507-EC14-477F-B69D-18CFF87783ED}.Release|Any CPU.ActiveCfg = Release|Any CPU
		{B07EB507-EC14-477F-B69D-18CFF87783ED}.Release|Any CPU.Build.0 = Release|Any CPU
	EndGlobalSection
	GlobalSection(SolutionProperties) = preSolution
		HideSolutionNode = FALSE
	EndGlobalSection
	GlobalSection(ExtensibilityGlobals) = postSolution
		SolutionGuid = {CBD205E6-9757-40CE-8D17-AC66BAC87059}
	EndGlobalSection
EndGlobal
